{
  "lockfileVersion": 1,
  "workspaces": {
    "": {
      "name": "iptv_rb",
      "dependencies": {
        "crypto-js": "^4.2.0",
        "node-cron": "^4.2.1",
      },
    },
  },
  "packages": {
    "crypto-js": ["crypto-js@4.2.0", "", {}, "sha512-KALDyEYgpY+Rlob/iriUtjV6d5Eq+Y191A5g4UqLAi8CyGP9N1+FdVbkc1SxKc2r4YAYqG8JzO2KGL+AizD70Q=="],

    "node-cron": ["node-cron@4.2.1", "", {}, "sha512-lgimEHPE/QDgFlywTd8yTR61ptugX3Qer29efeyWw2rv259HtGBNn1vZVmp8lB9uo9wC0t/AT4iGqXxia+CJFg=="],
  }
}
